
Microsoft Visual Studio Solution File, Format Version 12.00
# Visual Studio Version 17
VisualStudioVersion = 17.3.32929.385
MinimumVisualStudioVersion = 10.0.40219.1
Project("{FAE04EC0-301F-11D3-BF4B-00C04F79EFBC}") = "FileBackup", "FileBackup\FileBackup.csproj", "{BA7843E9-377F-4A4B-AFB1-A90CAB10DCCE}"
EndProject
Global
	GlobalSection(SolutionConfigurationPlatforms) = preSolution
		Debug|Any CPU = Debug|Any CPU
		Release|Any CPU = Release|Any CPU
	EndGlobalSection
	GlobalSection(ProjectConfigurationPlatforms) = postSolution
		{BA7843E9-377F-4A4B-AFB1-A90CAB10DCCE}.Debug|Any CPU.ActiveCfg = Debug|Any CPU
		{BA7843E9-377F-4A4B-AFB1-A90CAB10DCCE}.Debug|Any CPU.Build.0 = Debug|Any CPU
		{BA7843E9-377F-4A4B-AFB1-A90CAB10DCCE}.Release|Any CPU.ActiveCfg = Release|Any CPU
		{BA7843E9-377F-4A4B-AFB1-A90CAB10DCCE}.Release|Any CPU.Build.0 = Release|Any CPU
	EndGlobalSection
	GlobalSection(SolutionProperties) = preSolution
		HideSolutionNode = FALSE
	EndGlobalSection
	GlobalSection(ExtensibilityGlobals) = postSolution
		SolutionGuid = {10ABC381-7CDA-49C6-B370-5FDF6B9E49F0}
	EndGlobalSection
EndGlobal
